
Microsoft Visual Studio Solution File, Format Version 12.00
# Visual Studio Version 17
VisualStudioVersion = 17.10.35122.118
MinimumVisualStudioVersion = 10.0.40219.1
Project("{FAE04EC0-301F-11D3-BF4B-00C04F79EFBC}") = "SkateQuestionsApp", "LetMeTestThIs\SkateQuestionsApp.csproj", "{26AB5CDC-49EB-4B7C-879F-AAF7A3606CBC}"
EndProject
Global
	GlobalSection(SolutionConfigurationPlatforms) = preSolution
		Debug|Any CPU = Debug|Any CPU
		Release|Any CPU = Release|Any CPU
	EndGlobalSection
	GlobalSection(ProjectConfigurationPlatforms) = postSolution
		{26AB5CDC-49EB-4B7C-879F-AAF7A3606CBC}.Debug|Any CPU.ActiveCfg = Debug|Any CPU
		{26AB5CDC-49EB-4B7C-879F-AAF7A3606CBC}.Debug|Any CPU.Build.0 = Debug|Any CPU
		{26AB5CDC-49EB-4B7C-879F-AAF7A3606CBC}.Release|Any CPU.ActiveCfg = Release|Any CPU
		{26AB5CDC-49EB-4B7C-879F-AAF7A3606CBC}.Release|Any CPU.Build.0 = Release|Any CPU
	EndGlobalSection
	GlobalSection(SolutionProperties) = preSolution
		HideSolutionNode = FALSE
	EndGlobalSection
	GlobalSection(ExtensibilityGlobals) = postSolution
		SolutionGuid = {30016395-6131-4916-8CE7-0945493CE391}
	EndGlobalSection
EndGlobal
